
Microsoft Visual Studio Solution File, Format Version 12.00
# Visual Studio Version 16
VisualStudioVersion = 16.0.29001.49
MinimumVisualStudioVersion = 10.0.40219.1
Project("{FAE04EC0-301F-11D3-BF4B-00C04F79EFBC}") = "agar", "agar\agar.csproj", "{1D90EE58-B15B-499F-ABE5-316424B025F6}"
EndProject
Global
	GlobalSection(SolutionConfigurationPlatforms) = preSolution
		Debug|Any CPU = Debug|Any CPU
		Release|Any CPU = Release|Any CPU
	EndGlobalSection
	GlobalSection(ProjectConfigurationPlatforms) = postSolution
		{1D90EE58-B15B-499F-ABE5-316424B025F6}.Debug|Any CPU.ActiveCfg = Debug|Any CPU
		{1D90EE58-B15B-499F-ABE5-316424B025F6}.Debug|Any CPU.Build.0 = Debug|Any CPU
		{1D90EE58-B15B-499F-ABE5-316424B025F6}.Release|Any CPU.ActiveCfg = Release|Any CPU
		{1D90EE58-B15B-499F-ABE5-316424B025F6}.Release|Any CPU.Build.0 = Release|Any CPU
	EndGlobalSection
	GlobalSection(SolutionProperties) = preSolution
		HideSolutionNode = FALSE
	EndGlobalSection
	GlobalSection(ExtensibilityGlobals) = postSolution
		SolutionGuid = {3B470953-CF81-4240-A0A9-E964F6F22CB4}
	EndGlobalSection
EndGlobal
